
Microsoft Visual Studio Solution File, Format Version 12.00
# Visual Studio Version 16
VisualStudioVersion = 25.0.1703.6
MinimumVisualStudioVersion = 10.0.40219.1
Project("{FAE04EC0-301F-11D3-BF4B-00C04F79EFBC}") = "ContactAPI", "ContactAPI.csproj", "{1DDB9D25-CD74-437D-8CBB-C7BC5C05B1CD}"
EndProject
Global
	GlobalSection(SolutionConfigurationPlatforms) = preSolution
		Debug|Any CPU = Debug|Any CPU
		Release|Any CPU = Release|Any CPU
	EndGlobalSection
	GlobalSection(ProjectConfigurationPlatforms) = postSolution
		{1DDB9D25-CD74-437D-8CBB-C7BC5C05B1CD}.Debug|Any CPU.ActiveCfg = Debug|Any CPU
		{1DDB9D25-CD74-437D-8CBB-C7BC5C05B1CD}.Debug|Any CPU.Build.0 = Debug|Any CPU
		{1DDB9D25-CD74-437D-8CBB-C7BC5C05B1CD}.Release|Any CPU.ActiveCfg = Release|Any CPU
		{1DDB9D25-CD74-437D-8CBB-C7BC5C05B1CD}.Release|Any CPU.Build.0 = Release|Any CPU
	EndGlobalSection
	GlobalSection(SolutionProperties) = preSolution
		HideSolutionNode = FALSE
	EndGlobalSection
	GlobalSection(ExtensibilityGlobals) = postSolution
		SolutionGuid = {2CC65D78-86B1-45AB-B25C-C89CCFE8606B}
	EndGlobalSection
EndGlobal
